
Microsoft Visual Studio Solution File, Format Version 12.00
# Visual Studio 15
VisualStudioVersion = 15.0.28010.0
MinimumVisualStudioVersion = 10.0.40219.1
Project("{FAE04EC0-301F-11D3-BF4B-00C04F79EFBC}") = "FunWithCHarpAsync", "FunWithCHarpAsync\FunWithCHarpAsync.csproj", "{9BC18B6B-E335-47FA-BD3C-B072CFAA2C52}"
EndProject
Global
	GlobalSection(SolutionConfigurationPlatforms) = preSolution
		Debug|Any CPU = Debug|Any CPU
		Release|Any CPU = Release|Any CPU
	EndGlobalSection
	GlobalSection(ProjectConfigurationPlatforms) = postSolution
		{9BC18B6B-E335-47FA-BD3C-B072CFAA2C52}.Debug|Any CPU.ActiveCfg = Debug|Any CPU
		{9BC18B6B-E335-47FA-BD3C-B072CFAA2C52}.Debug|Any CPU.Build.0 = Debug|Any CPU
		{9BC18B6B-E335-47FA-BD3C-B072CFAA2C52}.Release|Any CPU.ActiveCfg = Release|Any CPU
		{9BC18B6B-E335-47FA-BD3C-B072CFAA2C52}.Release|Any CPU.Build.0 = Release|Any CPU
	EndGlobalSection
	GlobalSection(SolutionProperties) = preSolution
		HideSolutionNode = FALSE
	EndGlobalSection
	GlobalSection(ExtensibilityGlobals) = postSolution
		SolutionGuid = {7EACCDDF-45DD-4D7B-931F-6407C5C0A6C3}
	EndGlobalSection
EndGlobal
